
Microsoft Visual Studio Solution File, Format Version 12.00
# Visual Studio 14
VisualStudioVersion = 14.0.24720.0
MinimumVisualStudioVersion = 10.0.40219.1
Project("{FAE04EC0-301F-11D3-BF4B-00C04F79EFBC}") = "FreightAlliance.Shell", "FreightAlliance.Shell\FreightAlliance.Shell.csproj", "{D60635C7-0DDF-4902-9BDF-DB3006BD5AD4}"
	ProjectSection(ProjectDependencies) = postProject
		{FAB1060A-38CD-4DB4-A668-365114BF3A79} = {FAB1060A-38CD-4DB4-A668-365114BF3A79}
		{3822F768-C2B1-4708-BC3A-442159EB0F03} = {3822F768-C2B1-4708-BC3A-442159EB0F03}
	EndProjectSection
EndProject
Project("{FAE04EC0-301F-11D3-BF4B-00C04F79EFBC}") = "FreightAlliance.Common", "FreightAlliance.Common\FreightAlliance.Common.csproj", "{0244591E-4C44-43A1-BB6B-FB2363724264}"
EndProject
Project("{FAE04EC0-301F-11D3-BF4B-00C04F79EFBC}") = "FreightAlliance.Orders", "FreightAlliance.Orders\FreightAlliance.Orders.csproj", "{FAB1060A-38CD-4DB4-A668-365114BF3A79}"
EndProject
Project("{2150E333-8FDC-42A3-9474-1A3956D46DE8}") = "Modules", "Modules", "{B42E19CF-67BE-4828-85B7-AF697F88C4EF}"
EndProject
Project("{FAE04EC0-301F-11D3-BF4B-00C04F79EFBC}") = "FreightAlliance.Base", "FreightAlliance.Base\FreightAlliance.Base.csproj", "{3822F768-C2B1-4708-BC3A-442159EB0F03}"
EndProject
Project("{FAE04EC0-301F-11D3-BF4B-00C04F79EFBC}") = "FreightAlliance.Invoices", "FreightAlliance.Invoices\FreightAlliance.Invoices.csproj", "{431B6093-5A55-4466-A46A-60524BA99719}"
EndProject
Project("{FAE04EC0-301F-11D3-BF4B-00C04F79EFBC}") = "FreightAlliance.Supplier", "FreightAlliance.Supplier\FreightAlliance.Supplier.csproj", "{58765047-3191-4AAC-945E-BFE8CAA30C7F}"
EndProject
Project("{FAE04EC0-301F-11D3-BF4B-00C04F79EFBC}") = "FreightAlliance.Inventarization", "FreightAlliance.Inventarization\FreightAlliance.Inventarization.csproj", "{A33533D2-33AB-4AD5-A4AB-1A6BF7987656}"
EndProject
Project("{FAE04EC0-301F-11D3-BF4B-00C04F79EFBC}") = "FreightAlliance.Service", "FreightAlliance.Service\FreightAlliance.Service.csproj", "{31A755C7-461B-4E9C-883A-DA15311BDDB4}"
EndProject
Project("{FAE04EC0-301F-11D3-BF4B-00C04F79EFBC}") = "FreightAlliance.HomeService", "FreightAlliance.HomeService\FreightAlliance.HomeService.csproj", "{D130E246-50E7-475A-87D6-7294A19834E2}"
EndProject
Project("{FAE04EC0-301F-11D3-BF4B-00C04F79EFBC}") = "FreightAlliance.Budget", "FreightAlliance.Budget\FreightAlliance.Budget.csproj", "{BDF913E5-6779-4E8C-99FB-B5D96028A3A6}"
EndProject
Project("{FAE04EC0-301F-11D3-BF4B-00C04F79EFBC}") = "FreightAlliance.StoragePlaces", "FreightAlliance.StoragePlace\FreightAlliance.StoragePlaces.csproj", "{748740F1-AA02-4085-A4FD-0B6D65B68A60}"
EndProject
Global
	GlobalSection(SolutionConfigurationPlatforms) = preSolution
		CD_ROM|Any CPU = CD_ROM|Any CPU
		CD_ROM|x86 = CD_ROM|x86
		Debug|Any CPU = Debug|Any CPU
		Debug|x86 = Debug|x86
		DVD-5|Any CPU = DVD-5|Any CPU
		DVD-5|x86 = DVD-5|x86
		Release|Any CPU = Release|Any CPU
		Release|x86 = Release|x86
		SingleImage|Any CPU = SingleImage|Any CPU
		SingleImage|x86 = SingleImage|x86
	EndGlobalSection
	GlobalSection(ProjectConfigurationPlatforms) = postSolution
		{D60635C7-0DDF-4902-9BDF-DB3006BD5AD4}.CD_ROM|Any CPU.ActiveCfg = Release|Any CPU
		{D60635C7-0DDF-4902-9BDF-DB3006BD5AD4}.CD_ROM|Any CPU.Build.0 = Release|Any CPU
		{D60635C7-0DDF-4902-9BDF-DB3006BD5AD4}.CD_ROM|x86.ActiveCfg = Release|x86
		{D60635C7-0DDF-4902-9BDF-DB3006BD5AD4}.CD_ROM|x86.Build.0 = Release|x86
		{D60635C7-0DDF-4902-9BDF-DB3006BD5AD4}.Debug|Any CPU.ActiveCfg = Debug|Any CPU
		{D60635C7-0DDF-4902-9BDF-DB3006BD5AD4}.Debug|Any CPU.Build.0 = Debug|Any CPU
		{D60635C7-0DDF-4902-9BDF-DB3006BD5AD4}.Debug|x86.ActiveCfg = Debug|x86
		{D60635C7-0DDF-4902-9BDF-DB3006BD5AD4}.Debug|x86.Build.0 = Debug|x86
		{D60635C7-0DDF-4902-9BDF-DB3006BD5AD4}.DVD-5|Any CPU.ActiveCfg = Debug|Any CPU
		{D60635C7-0DDF-4902-9BDF-DB3006BD5AD4}.DVD-5|Any CPU.Build.0 = Debug|Any CPU
		{D60635C7-0DDF-4902-9BDF-DB3006BD5AD4}.DVD-5|x86.ActiveCfg = Debug|x86
		{D60635C7-0DDF-4902-9BDF-DB3006BD5AD4}.DVD-5|x86.Build.0 = Debug|x86
		{D60635C7-0DDF-4902-9BDF-DB3006BD5AD4}.Release|Any CPU.ActiveCfg = Release|x86
		{D60635C7-0DDF-4902-9BDF-DB3006BD5AD4}.Release|Any CPU.Deploy.0 = Release|x86
		{D60635C7-0DDF-4902-9BDF-DB3006BD5AD4}.Release|x86.ActiveCfg = Release|x86
		{D60635C7-0DDF-4902-9BDF-DB3006BD5AD4}.Release|x86.Build.0 = Release|x86
		{D60635C7-0DDF-4902-9BDF-DB3006BD5AD4}.SingleImage|Any CPU.ActiveCfg = Release|Any CPU
		{D60635C7-0DDF-4902-9BDF-DB3006BD5AD4}.SingleImage|Any CPU.Build.0 = Release|Any CPU
		{D60635C7-0DDF-4902-9BDF-DB3006BD5AD4}.SingleImage|x86.ActiveCfg = Release|x86
		{D60635C7-0DDF-4902-9BDF-DB3006BD5AD4}.SingleImage|x86.Build.0 = Release|x86
		{0244591E-4C44-43A1-BB6B-FB2363724264}.CD_ROM|Any CPU.ActiveCfg = Release|Any CPU
		{0244591E-4C44-43A1-BB6B-FB2363724264}.CD_ROM|Any CPU.Build.0 = Release|Any CPU
		{0244591E-4C44-43A1-BB6B-FB2363724264}.CD_ROM|x86.ActiveCfg = Release|Any CPU
		{0244591E-4C44-43A1-BB6B-FB2363724264}.CD_ROM|x86.Build.0 = Release|Any CPU
		{0244591E-4C44-43A1-BB6B-FB2363724264}.Debug|Any CPU.ActiveCfg = Debug|Any CPU
		{0244591E-4C44-43A1-BB6B-FB2363724264}.Debug|Any CPU.Build.0 = Debug|Any CPU
		{0244591E-4C44-43A1-BB6B-FB2363724264}.Debug|x86.ActiveCfg = Debug|Any CPU
		{0244591E-4C44-43A1-BB6B-FB2363724264}.Debug|x86.Build.0 = Debug|Any CPU
		{0244591E-4C44-43A1-BB6B-FB2363724264}.DVD-5|Any CPU.ActiveCfg = Debug|Any CPU
		{0244591E-4C44-43A1-BB6B-FB2363724264}.DVD-5|Any CPU.Build.0 = Debug|Any CPU
		{0244591E-4C44-43A1-BB6B-FB2363724264}.DVD-5|x86.ActiveCfg = Debug|Any CPU
		{0244591E-4C44-43A1-BB6B-FB2363724264}.DVD-5|x86.Build.0 = Debug|Any CPU
		{0244591E-4C44-43A1-BB6B-FB2363724264}.Release|Any CPU.ActiveCfg = Release|Any CPU
		{0244591E-4C44-43A1-BB6B-FB2363724264}.Release|Any CPU.Build.0 = Release|Any CPU
		{0244591E-4C44-43A1-BB6B-FB2363724264}.Release|x86.ActiveCfg = Release|Any CPU
		{0244591E-4C44-43A1-BB6B-FB2363724264}.Release|x86.Build.0 = Release|Any CPU
		{0244591E-4C44-43A1-BB6B-FB2363724264}.SingleImage|Any CPU.ActiveCfg = Release|Any CPU
		{0244591E-4C44-43A1-BB6B-FB2363724264}.SingleImage|Any CPU.Build.0 = Release|Any CPU
		{0244591E-4C44-43A1-BB6B-FB2363724264}.SingleImage|x86.ActiveCfg = Release|Any CPU
		{0244591E-4C44-43A1-BB6B-FB2363724264}.SingleImage|x86.Build.0 = Release|Any CPU
		{FAB1060A-38CD-4DB4-A668-365114BF3A79}.CD_ROM|Any CPU.ActiveCfg = Release|Any CPU
		{FAB1060A-38CD-4DB4-A668-365114BF3A79}.CD_ROM|Any CPU.Build.0 = Release|Any CPU
		{FAB1060A-38CD-4DB4-A668-365114BF3A79}.CD_ROM|x86.ActiveCfg = Release|Any CPU
		{FAB1060A-38CD-4DB4-A668-365114BF3A79}.CD_ROM|x86.Build.0 = Release|Any CPU
		{FAB1060A-38CD-4DB4-A668-365114BF3A79}.Debug|Any CPU.ActiveCfg = Debug|Any CPU
		{FAB1060A-38CD-4DB4-A668-365114BF3A79}.Debug|Any CPU.Build.0 = Debug|Any CPU
		{FAB1060A-38CD-4DB4-A668-365114BF3A79}.Debug|x86.ActiveCfg = Debug|Any CPU
		{FAB1060A-38CD-4DB4-A668-365114BF3A79}.Debug|x86.Build.0 = Debug|Any CPU
		{FAB1060A-38CD-4DB4-A668-365114BF3A79}.DVD-5|Any CPU.ActiveCfg = Debug|Any CPU
		{FAB1060A-38CD-4DB4-A668-365114BF3A79}.DVD-5|Any CPU.Build.0 = Debug|Any CPU
		{FAB1060A-38CD-4DB4-A668-365114BF3A79}.DVD-5|x86.ActiveCfg = Debug|Any CPU
		{FAB1060A-38CD-4DB4-A668-365114BF3A79}.DVD-5|x86.Build.0 = Debug|Any CPU
		{FAB1060A-38CD-4DB4-A668-365114BF3A79}.Release|Any CPU.ActiveCfg = Release|Any CPU
		{FAB1060A-38CD-4DB4-A668-365114BF3A79}.Release|Any CPU.Build.0 = Release|Any CPU
		{FAB1060A-38CD-4DB4-A668-365114BF3A79}.Release|x86.ActiveCfg = Release|Any CPU
		{FAB1060A-38CD-4DB4-A668-365114BF3A79}.Release|x86.Build.0 = Release|Any CPU
		{FAB1060A-38CD-4DB4-A668-365114BF3A79}.SingleImage|Any CPU.ActiveCfg = Release|Any CPU
		{FAB1060A-38CD-4DB4-A668-365114BF3A79}.SingleImage|Any CPU.Build.0 = Release|Any CPU
		{FAB1060A-38CD-4DB4-A668-365114BF3A79}.SingleImage|x86.ActiveCfg = Release|Any CPU
		{FAB1060A-38CD-4DB4-A668-365114BF3A79}.SingleImage|x86.Build.0 = Release|Any CPU
		{3822F768-C2B1-4708-BC3A-442159EB0F03}.CD_ROM|Any CPU.ActiveCfg = Release|Any CPU
		{3822F768-C2B1-4708-BC3A-442159EB0F03}.CD_ROM|Any CPU.Build.0 = Release|Any CPU
		{3822F768-C2B1-4708-BC3A-442159EB0F03}.CD_ROM|x86.ActiveCfg = Release|Any CPU
		{3822F768-C2B1-4708-BC3A-442159EB0F03}.CD_ROM|x86.Build.0 = Release|Any CPU
		{3822F768-C2B1-4708-BC3A-442159EB0F03}.Debug|Any CPU.ActiveCfg = Debug|Any CPU
		{3822F768-C2B1-4708-BC3A-442159EB0F03}.Debug|Any CPU.Build.0 = Debug|Any CPU
		{3822F768-C2B1-4708-BC3A-442159EB0F03}.Debug|x86.ActiveCfg = Debug|Any CPU
		{3822F768-C2B1-4708-BC3A-442159EB0F03}.Debug|x86.Build.0 = Debug|Any CPU
		{3822F768-C2B1-4708-BC3A-442159EB0F03}.DVD-5|Any CPU.ActiveCfg = Debug|Any CPU
		{3822F768-C2B1-4708-BC3A-442159EB0F03}.DVD-5|Any CPU.Build.0 = Debug|Any CPU
		{3822F768-C2B1-4708-BC3A-442159EB0F03}.DVD-5|x86.ActiveCfg = Debug|Any CPU
		{3822F768-C2B1-4708-BC3A-442159EB0F03}.DVD-5|x86.Build.0 = Debug|Any CPU
		{3822F768-C2B1-4708-BC3A-442159EB0F03}.Release|Any CPU.ActiveCfg = Release|Any CPU
		{3822F768-C2B1-4708-BC3A-442159EB0F03}.Release|Any CPU.Build.0 = Release|Any CPU
		{3822F768-C2B1-4708-BC3A-442159EB0F03}.Release|x86.ActiveCfg = Release|Any CPU
		{3822F768-C2B1-4708-BC3A-442159EB0F03}.Release|x86.Build.0 = Release|Any CPU
		{3822F768-C2B1-4708-BC3A-442159EB0F03}.SingleImage|Any CPU.ActiveCfg = Release|Any CPU
		{3822F768-C2B1-4708-BC3A-442159EB0F03}.SingleImage|Any CPU.Build.0 = Release|Any CPU
		{3822F768-C2B1-4708-BC3A-442159EB0F03}.SingleImage|x86.ActiveCfg = Release|Any CPU
		{3822F768-C2B1-4708-BC3A-442159EB0F03}.SingleImage|x86.Build.0 = Release|Any CPU
		{431B6093-5A55-4466-A46A-60524BA99719}.CD_ROM|Any CPU.ActiveCfg = Release|Any CPU
		{431B6093-5A55-4466-A46A-60524BA99719}.CD_ROM|Any CPU.Build.0 = Release|Any CPU
		{431B6093-5A55-4466-A46A-60524BA99719}.CD_ROM|x86.ActiveCfg = Release|Any CPU
		{431B6093-5A55-4466-A46A-60524BA99719}.CD_ROM|x86.Build.0 = Release|Any CPU
		{431B6093-5A55-4466-A46A-60524BA99719}.Debug|Any CPU.ActiveCfg = Debug|Any CPU
		{431B6093-5A55-4466-A46A-60524BA99719}.Debug|Any CPU.Build.0 = Debug|Any CPU
		{431B6093-5A55-4466-A46A-60524BA99719}.Debug|x86.ActiveCfg = Debug|Any CPU
		{431B6093-5A55-4466-A46A-60524BA99719}.Debug|x86.Build.0 = Debug|Any CPU
		{431B6093-5A55-4466-A46A-60524BA99719}.DVD-5|Any CPU.ActiveCfg = Debug|Any CPU
		{431B6093-5A55-4466-A46A-60524BA99719}.DVD-5|Any CPU.Build.0 = Debug|Any CPU
		{431B6093-5A55-4466-A46A-60524BA99719}.DVD-5|x86.ActiveCfg = Debug|Any CPU
		{431B6093-5A55-4466-A46A-60524BA99719}.DVD-5|x86.Build.0 = Debug|Any CPU
		{431B6093-5A55-4466-A46A-60524BA99719}.Release|Any CPU.ActiveCfg = Release|Any CPU
		{431B6093-5A55-4466-A46A-60524BA99719}.Release|Any CPU.Build.0 = Release|Any CPU
		{431B6093-5A55-4466-A46A-60524BA99719}.Release|x86.ActiveCfg = Release|Any CPU
		{431B6093-5A55-4466-A46A-60524BA99719}.Release|x86.Build.0 = Release|Any CPU
		{431B6093-5A55-4466-A46A-60524BA99719}.SingleImage|Any CPU.ActiveCfg = Release|Any CPU
		{431B6093-5A55-4466-A46A-60524BA99719}.SingleImage|Any CPU.Build.0 = Release|Any CPU
		{431B6093-5A55-4466-A46A-60524BA99719}.SingleImage|x86.ActiveCfg = Release|Any CPU
		{431B6093-5A55-4466-A46A-60524BA99719}.SingleImage|x86.Build.0 = Release|Any CPU
		{58765047-3191-4AAC-945E-BFE8CAA30C7F}.CD_ROM|Any CPU.ActiveCfg = Release|Any CPU
		{58765047-3191-4AAC-945E-BFE8CAA30C7F}.CD_ROM|Any CPU.Build.0 = Release|Any CPU
		{58765047-3191-4AAC-945E-BFE8CAA30C7F}.CD_ROM|x86.ActiveCfg = Release|Any CPU
		{58765047-3191-4AAC-945E-BFE8CAA30C7F}.CD_ROM|x86.Build.0 = Release|Any CPU
		{58765047-3191-4AAC-945E-BFE8CAA30C7F}.Debug|Any CPU.ActiveCfg = Debug|Any CPU
		{58765047-3191-4AAC-945E-BFE8CAA30C7F}.Debug|Any CPU.Build.0 = Debug|Any CPU
		{58765047-3191-4AAC-945E-BFE8CAA30C7F}.Debug|x86.ActiveCfg = Debug|Any CPU
		{58765047-3191-4AAC-945E-BFE8CAA30C7F}.Debug|x86.Build.0 = Debug|Any CPU
		{58765047-3191-4AAC-945E-BFE8CAA30C7F}.DVD-5|Any CPU.ActiveCfg = Debug|Any CPU
		{58765047-3191-4AAC-945E-BFE8CAA30C7F}.DVD-5|Any CPU.Build.0 = Debug|Any CPU
		{58765047-3191-4AAC-945E-BFE8CAA30C7F}.DVD-5|x86.ActiveCfg = Debug|Any CPU
		{58765047-3191-4AAC-945E-BFE8CAA30C7F}.DVD-5|x86.Build.0 = Debug|Any CPU
		{58765047-3191-4AAC-945E-BFE8CAA30C7F}.Release|Any CPU.ActiveCfg = Release|Any CPU
		{58765047-3191-4AAC-945E-BFE8CAA30C7F}.Release|Any CPU.Build.0 = Release|Any CPU
		{58765047-3191-4AAC-945E-BFE8CAA30C7F}.Release|x86.ActiveCfg = Release|Any CPU
		{58765047-3191-4AAC-945E-BFE8CAA30C7F}.Release|x86.Build.0 = Release|Any CPU
		{58765047-3191-4AAC-945E-BFE8CAA30C7F}.SingleImage|Any CPU.ActiveCfg = Release|Any CPU
		{58765047-3191-4AAC-945E-BFE8CAA30C7F}.SingleImage|Any CPU.Build.0 = Release|Any CPU
		{58765047-3191-4AAC-945E-BFE8CAA30C7F}.SingleImage|x86.ActiveCfg = Release|Any CPU
		{58765047-3191-4AAC-945E-BFE8CAA30C7F}.SingleImage|x86.Build.0 = Release|Any CPU
		{A33533D2-33AB-4AD5-A4AB-1A6BF7987656}.CD_ROM|Any CPU.ActiveCfg = Release|Any CPU
		{A33533D2-33AB-4AD5-A4AB-1A6BF7987656}.CD_ROM|Any CPU.Build.0 = Release|Any CPU
		{A33533D2-33AB-4AD5-A4AB-1A6BF7987656}.CD_ROM|x86.ActiveCfg = Release|Any CPU
		{A33533D2-33AB-4AD5-A4AB-1A6BF7987656}.CD_ROM|x86.Build.0 = Release|Any CPU
		{A33533D2-33AB-4AD5-A4AB-1A6BF7987656}.Debug|Any CPU.ActiveCfg = Debug|Any CPU
		{A33533D2-33AB-4AD5-A4AB-1A6BF7987656}.Debug|Any CPU.Build.0 = Debug|Any CPU
		{A33533D2-33AB-4AD5-A4AB-1A6BF7987656}.Debug|x86.ActiveCfg = Debug|Any CPU
		{A33533D2-33AB-4AD5-A4AB-1A6BF7987656}.Debug|x86.Build.0 = Debug|Any CPU
		{A33533D2-33AB-4AD5-A4AB-1A6BF7987656}.DVD-5|Any CPU.ActiveCfg = Debug|Any CPU
		{A33533D2-33AB-4AD5-A4AB-1A6BF7987656}.DVD-5|Any CPU.Build.0 = Debug|Any CPU
		{A33533D2-33AB-4AD5-A4AB-1A6BF7987656}.DVD-5|x86.ActiveCfg = Debug|Any CPU
		{A33533D2-33AB-4AD5-A4AB-1A6BF7987656}.DVD-5|x86.Build.0 = Debug|Any CPU
		{A33533D2-33AB-4AD5-A4AB-1A6BF7987656}.Release|Any CPU.ActiveCfg = Release|Any CPU
		{A33533D2-33AB-4AD5-A4AB-1A6BF7987656}.Release|Any CPU.Build.0 = Release|Any CPU
		{A33533D2-33AB-4AD5-A4AB-1A6BF7987656}.Release|x86.ActiveCfg = Release|Any CPU
		{A33533D2-33AB-4AD5-A4AB-1A6BF7987656}.Release|x86.Build.0 = Release|Any CPU
		{A33533D2-33AB-4AD5-A4AB-1A6BF7987656}.SingleImage|Any CPU.ActiveCfg = Release|Any CPU
		{A33533D2-33AB-4AD5-A4AB-1A6BF7987656}.SingleImage|Any CPU.Build.0 = Release|Any CPU
		{A33533D2-33AB-4AD5-A4AB-1A6BF7987656}.SingleImage|x86.ActiveCfg = Release|Any CPU
		{A33533D2-33AB-4AD5-A4AB-1A6BF7987656}.SingleImage|x86.Build.0 = Release|Any CPU
		{31A755C7-461B-4E9C-883A-DA15311BDDB4}.CD_ROM|Any CPU.ActiveCfg = Release|Any CPU
		{31A755C7-461B-4E9C-883A-DA15311BDDB4}.CD_ROM|Any CPU.Build.0 = Release|Any CPU
		{31A755C7-461B-4E9C-883A-DA15311BDDB4}.CD_ROM|x86.ActiveCfg = Release|Any CPU
		{31A755C7-461B-4E9C-883A-DA15311BDDB4}.CD_ROM|x86.Build.0 = Release|Any CPU
		{31A755C7-461B-4E9C-883A-DA15311BDDB4}.Debug|Any CPU.ActiveCfg = Debug|Any CPU
		{31A755C7-461B-4E9C-883A-DA15311BDDB4}.Debug|Any CPU.Build.0 = Debug|Any CPU
		{31A755C7-461B-4E9C-883A-DA15311BDDB4}.Debug|x86.ActiveCfg = Debug|Any CPU
		{31A755C7-461B-4E9C-883A-DA15311BDDB4}.Debug|x86.Build.0 = Debug|Any CPU
		{31A755C7-461B-4E9C-883A-DA15311BDDB4}.DVD-5|Any CPU.ActiveCfg = Debug|Any CPU
		{31A755C7-461B-4E9C-883A-DA15311BDDB4}.DVD-5|Any CPU.Build.0 = Debug|Any CPU
		{31A755C7-461B-4E9C-883A-DA15311BDDB4}.DVD-5|x86.ActiveCfg = Debug|Any CPU
		{31A755C7-461B-4E9C-883A-DA15311BDDB4}.DVD-5|x86.Build.0 = Debug|Any CPU
		{31A755C7-461B-4E9C-883A-DA15311BDDB4}.Release|Any CPU.ActiveCfg = Release|Any CPU
		{31A755C7-461B-4E9C-883A-DA15311BDDB4}.Release|Any CPU.Build.0 = Release|Any CPU
		{31A755C7-461B-4E9C-883A-DA15311BDDB4}.Release|x86.ActiveCfg = Release|Any CPU
		{31A755C7-461B-4E9C-883A-DA15311BDDB4}.Release|x86.Build.0 = Release|Any CPU
		{31A755C7-461B-4E9C-883A-DA15311BDDB4}.SingleImage|Any CPU.ActiveCfg = Release|Any CPU
		{31A755C7-461B-4E9C-883A-DA15311BDDB4}.SingleImage|Any CPU.Build.0 = Release|Any CPU
		{31A755C7-461B-4E9C-883A-DA15311BDDB4}.SingleImage|x86.ActiveCfg = Release|Any CPU
		{31A755C7-461B-4E9C-883A-DA15311BDDB4}.SingleImage|x86.Build.0 = Release|Any CPU
		{D130E246-50E7-475A-87D6-7294A19834E2}.CD_ROM|Any CPU.ActiveCfg = Release|Any CPU
		{D130E246-50E7-475A-87D6-7294A19834E2}.CD_ROM|Any CPU.Build.0 = Release|Any CPU
		{D130E246-50E7-475A-87D6-7294A19834E2}.CD_ROM|x86.ActiveCfg = Release|Any CPU
		{D130E246-50E7-475A-87D6-7294A19834E2}.CD_ROM|x86.Build.0 = Release|Any CPU
		{D130E246-50E7-475A-87D6-7294A19834E2}.Debug|Any CPU.ActiveCfg = Debug|Any CPU
		{D130E246-50E7-475A-87D6-7294A19834E2}.Debug|Any CPU.Build.0 = Debug|Any CPU
		{D130E246-50E7-475A-87D6-7294A19834E2}.Debug|x86.ActiveCfg = Debug|Any CPU
		{D130E246-50E7-475A-87D6-7294A19834E2}.Debug|x86.Build.0 = Debug|Any CPU
		{D130E246-50E7-475A-87D6-7294A19834E2}.DVD-5|Any CPU.ActiveCfg = Debug|Any CPU
		{D130E246-50E7-475A-87D6-7294A19834E2}.DVD-5|Any CPU.Build.0 = Debug|Any CPU
		{D130E246-50E7-475A-87D6-7294A19834E2}.DVD-5|x86.ActiveCfg = Debug|Any CPU
		{D130E246-50E7-475A-87D6-7294A19834E2}.DVD-5|x86.Build.0 = Debug|Any CPU
		{D130E246-50E7-475A-87D6-7294A19834E2}.Release|Any CPU.ActiveCfg = Release|Any CPU
		{D130E246-50E7-475A-87D6-7294A19834E2}.Release|Any CPU.Build.0 = Release|Any CPU
		{D130E246-50E7-475A-87D6-7294A19834E2}.Release|x86.ActiveCfg = Release|Any CPU
		{D130E246-50E7-475A-87D6-7294A19834E2}.Release|x86.Build.0 = Release|Any CPU
		{D130E246-50E7-475A-87D6-7294A19834E2}.SingleImage|Any CPU.ActiveCfg = Release|Any CPU
		{D130E246-50E7-475A-87D6-7294A19834E2}.SingleImage|Any CPU.Build.0 = Release|Any CPU
		{D130E246-50E7-475A-87D6-7294A19834E2}.SingleImage|x86.ActiveCfg = Release|Any CPU
		{D130E246-50E7-475A-87D6-7294A19834E2}.SingleImage|x86.Build.0 = Release|Any CPU
		{BDF913E5-6779-4E8C-99FB-B5D96028A3A6}.CD_ROM|Any CPU.ActiveCfg = Release|Any CPU
		{BDF913E5-6779-4E8C-99FB-B5D96028A3A6}.CD_ROM|Any CPU.Build.0 = Release|Any CPU
		{BDF913E5-6779-4E8C-99FB-B5D96028A3A6}.CD_ROM|x86.ActiveCfg = Release|Any CPU
		{BDF913E5-6779-4E8C-99FB-B5D96028A3A6}.CD_ROM|x86.Build.0 = Release|Any CPU
		{BDF913E5-6779-4E8C-99FB-B5D96028A3A6}.Debug|Any CPU.ActiveCfg = Debug|Any CPU
		{BDF913E5-6779-4E8C-99FB-B5D96028A3A6}.Debug|Any CPU.Build.0 = Debug|Any CPU
		{BDF913E5-6779-4E8C-99FB-B5D96028A3A6}.Debug|x86.ActiveCfg = Debug|Any CPU
		{BDF913E5-6779-4E8C-99FB-B5D96028A3A6}.Debug|x86.Build.0 = Debug|Any CPU
		{BDF913E5-6779-4E8C-99FB-B5D96028A3A6}.DVD-5|Any CPU.ActiveCfg = Debug|Any CPU
		{BDF913E5-6779-4E8C-99FB-B5D96028A3A6}.DVD-5|Any CPU.Build.0 = Debug|Any CPU
		{BDF913E5-6779-4E8C-99FB-B5D96028A3A6}.DVD-5|x86.ActiveCfg = Debug|Any CPU
		{BDF913E5-6779-4E8C-99FB-B5D96028A3A6}.DVD-5|x86.Build.0 = Debug|Any CPU
		{BDF913E5-6779-4E8C-99FB-B5D96028A3A6}.Release|Any CPU.ActiveCfg = Release|Any CPU
		{BDF913E5-6779-4E8C-99FB-B5D96028A3A6}.Release|Any CPU.Build.0 = Release|Any CPU
		{BDF913E5-6779-4E8C-99FB-B5D96028A3A6}.Release|x86.ActiveCfg = Release|Any CPU
		{BDF913E5-6779-4E8C-99FB-B5D96028A3A6}.Release|x86.Build.0 = Release|Any CPU
		{BDF913E5-6779-4E8C-99FB-B5D96028A3A6}.SingleImage|Any CPU.ActiveCfg = Release|Any CPU
		{BDF913E5-6779-4E8C-99FB-B5D96028A3A6}.SingleImage|Any CPU.Build.0 = Release|Any CPU
		{BDF913E5-6779-4E8C-99FB-B5D96028A3A6}.SingleImage|x86.ActiveCfg = Release|Any CPU
		{BDF913E5-6779-4E8C-99FB-B5D96028A3A6}.SingleImage|x86.Build.0 = Release|Any CPU
		{748740F1-AA02-4085-A4FD-0B6D65B68A60}.CD_ROM|Any CPU.ActiveCfg = Release|Any CPU
		{748740F1-AA02-4085-A4FD-0B6D65B68A60}.CD_ROM|Any CPU.Build.0 = Release|Any CPU
		{748740F1-AA02-4085-A4FD-0B6D65B68A60}.CD_ROM|x86.ActiveCfg = Release|Any CPU
		{748740F1-AA02-4085-A4FD-0B6D65B68A60}.CD_ROM|x86.Build.0 = Release|Any CPU
		{748740F1-AA02-4085-A4FD-0B6D65B68A60}.Debug|Any CPU.ActiveCfg = Debug|Any CPU
		{748740F1-AA02-4085-A4FD-0B6D65B68A60}.Debug|Any CPU.Build.0 = Debug|Any CPU
		{748740F1-AA02-4085-A4FD-0B6D65B68A60}.Debug|x86.ActiveCfg = Debug|Any CPU
		{748740F1-AA02-4085-A4FD-0B6D65B68A60}.Debug|x86.Build.0 = Debug|Any CPU
		{748740F1-AA02-4085-A4FD-0B6D65B68A60}.DVD-5|Any CPU.ActiveCfg = Debug|Any CPU
		{748740F1-AA02-4085-A4FD-0B6D65B68A60}.DVD-5|Any CPU.Build.0 = Debug|Any CPU
		{748740F1-AA02-4085-A4FD-0B6D65B68A60}.DVD-5|x86.ActiveCfg = Debug|Any CPU
		{748740F1-AA02-4085-A4FD-0B6D65B68A60}.DVD-5|x86.Build.0 = Debug|Any CPU
		{748740F1-AA02-4085-A4FD-0B6D65B68A60}.Release|Any CPU.ActiveCfg = Release|Any CPU
		{748740F1-AA02-4085-A4FD-0B6D65B68A60}.Release|Any CPU.Build.0 = Release|Any CPU
		{748740F1-AA02-4085-A4FD-0B6D65B68A60}.Release|x86.ActiveCfg = Release|Any CPU
		{748740F1-AA02-4085-A4FD-0B6D65B68A60}.Release|x86.Build.0 = Release|Any CPU
		{748740F1-AA02-4085-A4FD-0B6D65B68A60}.SingleImage|Any CPU.ActiveCfg = Release|Any CPU
		{748740F1-AA02-4085-A4FD-0B6D65B68A60}.SingleImage|Any CPU.Build.0 = Release|Any CPU
		{748740F1-AA02-4085-A4FD-0B6D65B68A60}.SingleImage|x86.ActiveCfg = Release|Any CPU
		{748740F1-AA02-4085-A4FD-0B6D65B68A60}.SingleImage|x86.Build.0 = Release|Any CPU
	EndGlobalSection
	GlobalSection(SolutionProperties) = preSolution
		HideSolutionNode = FALSE
	EndGlobalSection
	GlobalSection(NestedProjects) = preSolution
		{FAB1060A-38CD-4DB4-A668-365114BF3A79} = {B42E19CF-67BE-4828-85B7-AF697F88C4EF}
		{431B6093-5A55-4466-A46A-60524BA99719} = {B42E19CF-67BE-4828-85B7-AF697F88C4EF}
		{58765047-3191-4AAC-945E-BFE8CAA30C7F} = {B42E19CF-67BE-4828-85B7-AF697F88C4EF}
		{A33533D2-33AB-4AD5-A4AB-1A6BF7987656} = {B42E19CF-67BE-4828-85B7-AF697F88C4EF}
		{BDF913E5-6779-4E8C-99FB-B5D96028A3A6} = {B42E19CF-67BE-4828-85B7-AF697F88C4EF}
		{748740F1-AA02-4085-A4FD-0B6D65B68A60} = {B42E19CF-67BE-4828-85B7-AF697F88C4EF}
	EndGlobalSection
	GlobalSection(TeamFoundationVersionControl) = preSolution
		SccNumberOfProjects = 12
		SccEnterpriseProvider = {4CA58AB2-18FA-4F8D-95D4-32DDF27D184C}
		SccTeamFoundationServer = https://zashikivarashi.visualstudio.com/defaultcollection
		SccLocalPath0 = .
		SccProjectUniqueName1 = FreightAlliance.Shell\\FreightAlliance.Shell.csproj
		SccProjectName1 = FreightAlliance.Shell
		SccLocalPath1 = FreightAlliance.Shell
		SccProjectUniqueName2 = FreightAlliance.Common\\FreightAlliance.Common.csproj
		SccProjectName2 = FreightAlliance.Common
		SccLocalPath2 = FreightAlliance.Common
		SccProjectUniqueName3 = FreightAlliance.Orders\\FreightAlliance.Orders.csproj
		SccProjectTopLevelParentUniqueName3 = FreightAlliance.sln
		SccProjectName3 = FreightAlliance.Orders
		SccLocalPath3 = FreightAlliance.Orders
		SccProjectUniqueName4 = FreightAlliance.Base\\FreightAlliance.Base.csproj
		SccProjectName4 = FreightAlliance.Base
		SccLocalPath4 = FreightAlliance.Base
		SccProjectUniqueName5 = FreightAlliance.Invoices\\FreightAlliance.Invoices.csproj
		SccProjectTopLevelParentUniqueName5 = FreightAlliance.sln
		SccProjectName5 = FreightAlliance.Invoices
		SccLocalPath5 = FreightAlliance.Invoices
		SccProjectUniqueName6 = FreightAlliance.Supplier\\FreightAlliance.Supplier.csproj
		SccProjectTopLevelParentUniqueName6 = FreightAlliance.sln
		SccProjectName6 = FreightAlliance.Supplier
		SccLocalPath6 = FreightAlliance.Supplier
		SccProjectUniqueName7 = FreightAlliance.Inventarization\\FreightAlliance.Inventarization.csproj
		SccProjectTopLevelParentUniqueName7 = FreightAlliance.sln
		SccProjectName7 = FreightAlliance.Inventarization
		SccLocalPath7 = FreightAlliance.Inventarization
		SccProjectUniqueName8 = FreightAlliance.Service\\FreightAlliance.Service.csproj
		SccProjectName8 = FreightAlliance.Service
		SccLocalPath8 = FreightAlliance.Service
		SccProjectUniqueName9 = FreightAlliance.HomeService\\FreightAlliance.HomeService.csproj
		SccProjectName9 = FreightAlliance.HomeService
		SccLocalPath9 = FreightAlliance.HomeService
		SccProjectUniqueName10 = FreightAlliance.Budget\\FreightAlliance.Budget.csproj
		SccProjectTopLevelParentUniqueName10 = FreightAlliance.sln
		SccProjectName10 = FreightAlliance.Budget
		SccLocalPath10 = FreightAlliance.Budget
		SccProjectUniqueName11 = FreightAlliance.StoragePlace\\FreightAlliance.StoragePlaces.csproj
		SccProjectTopLevelParentUniqueName11 = FreightAlliance.sln
		SccProjectName11 = FreightAlliance.StoragePlace
		SccLocalPath11 = FreightAlliance.StoragePlace
	EndGlobalSection
EndGlobal
